
Microsoft Visual Studio Solution File, Format Version 12.00
# Visual Studio Version 16
VisualStudioVersion = 16.0.31624.102
MinimumVisualStudioVersion = 10.0.40219.1
Project("{FAE04EC0-301F-11D3-BF4B-00C04F79EFBC}") = "PushNotificationService", "PushNotificationService\PushNotificationService.csproj", "{5FB20C68-93CC-425E-8D57-3ED53B6183FB}"
EndProject
Global
	GlobalSection(SolutionConfigurationPlatforms) = preSolution
		Debug|Any CPU = Debug|Any CPU
		Release|Any CPU = Release|Any CPU
	EndGlobalSection
	GlobalSection(ProjectConfigurationPlatforms) = postSolution
		{5FB20C68-93CC-425E-8D57-3ED53B6183FB}.Debug|Any CPU.ActiveCfg = Debug|Any CPU
		{5FB20C68-93CC-425E-8D57-3ED53B6183FB}.Debug|Any CPU.Build.0 = Debug|Any CPU
		{5FB20C68-93CC-425E-8D57-3ED53B6183FB}.Release|Any CPU.ActiveCfg = Release|Any CPU
		{5FB20C68-93CC-425E-8D57-3ED53B6183FB}.Release|Any CPU.Build.0 = Release|Any CPU
	EndGlobalSection
	GlobalSection(SolutionProperties) = preSolution
		HideSolutionNode = FALSE
	EndGlobalSection
	GlobalSection(ExtensibilityGlobals) = postSolution
		SolutionGuid = {03CD5301-E935-4728-AAFD-3B96709F0964}
	EndGlobalSection
EndGlobal
